// !$*UTF8*$!
{
	archiveVersion = 1;
	classes = {
	};
	objectVersion = 46;
	objects = {

/* Begin PBXBuildFile section */
		A76B4CCD1C57038F0039741A /* main.m in Sources */ = {isa = PBXBuildFile; fileRef = A76B4CCC1C57038F0039741A /* main.m */; };
		A76B4CD01C57038F0039741A /* AppDelegate.m in Sources */ = {isa = PBXBuildFile; fileRef = A76B4CCF1C57038F0039741A /* AppDelegate.m */; };
		A76B4CD31C57038F0039741A /* ViewController.m in Sources */ = {isa = PBXBuildFile; fileRef = A76B4CD21C57038F0039741A /* ViewController.m */; };
		A76B4CD61C57038F0039741A /* Main.storyboard in Resources */ = {isa = PBXBuildFile; fileRef = A76B4CD41C57038F0039741A /* Main.storyboard */; };
		A76B4CD81C57038F0039741A /* Assets.xcassets in Resources */ = {isa = PBXBuildFile; fileRef = A76B4CD71C57038F0039741A /* Assets.xcassets */; };
		A76B4CDB1C57038F0039741A /* LaunchScreen.storyboard in Resources */ = {isa = PBXBuildFile; fileRef = A76B4CD91C57038F0039741A /* LaunchScreen.storyboard */; };
		A76B4CE61C57038F0039741A /* __NSlockTests.m in Sources */ = {isa = PBXBuildFile; fileRef = A76B4CE51C57038F0039741A /* __NSlockTests.m */; };
		A76B4CF11C57038F0039741A /* __NSlockUITests.m in Sources */ = {isa = PBXBuildFile; fileRef = A76B4CF01C57038F0039741A /* __NSlockUITests.m */; };
/* End PBXBuildFile section */

/* Begin PBXContainerItemProxy section */
		A76B4CE21C57038F0039741A /* PBXContainerItemProxy */ = {
			isa = PBXContainerItemProxy;
			containerPortal = A76B4CC01C57038F0039741A /* Project object */;
			proxyType = 1;
			remoteGlobalIDString = A76B4CC71C57038F0039741A;
			remoteInfo = "1-NSlock";
		};
		A76B4CED1C57038F0039741A /* PBXContainerItemProxy */ = {
			isa = PBXContainerItemProxy;
			containerPortal = A76B4CC01C57038F0039741A /* Project object */;
			proxyType = 1;
			remoteGlobalIDString = A76B4CC71C57038F0039741A;
			remoteInfo = "1-NSlock";
		};
/* End PBXContainerItemProxy section */

/* Begin PBXFileReference section */
		A76B4CC81C57038F0039741A /* 1-NSlock.app */ = {isa = PBXFileReference; explicitFileType = wrapper.application; includeInIndex = 0; path = "1-NSlock.app"; sourceTree = BUILT_PRODUCTS_DIR; };
		A76B4CCC1C57038F0039741A /* main.m */ = {isa = PBXFileReference; lastKnownFileType = sourcecode.c.objc; path = main.m; sourceTree = "<group>"; };
		A76B4CCE1C57038F0039741A /* AppDelegate.h */ = {isa = PBXFileReference; lastKnownFileType = sourcecode.c.h; path = AppDelegate.h; sourceTree = "<group>"; };
		A76B4CCF1C57038F0039741A /* AppDelegate.m */ = {isa = PBXFileReference; lastKnownFileType = sourcecode.c.objc; path = AppDelegate.m; sourceTree = "<group>"; };
		A76B4CD11C57038F0039741A /* ViewController.h */ = {isa = PBXFileReference; lastKnownFileType = sourcecode.c.h; path = ViewController.h; sourceTree = "<group>"; };
		A76B4CD21C57038F0039741A /* ViewController.m */ = {isa = PBXFileReference; lastKnownFileType = sourcecode.c.objc; path = ViewController.m; sourceTree = "<group>"; };
		A76B4CD51C57038F0039741A /* Base */ = {isa = PBXFileReference; lastKnownFileType = file.storyboard; name = Base; path = Base.lproj/Main.storyboard; sourceTree = "<group>"; };
		A76B4CD71C57038F0039741A /* Assets.xcassets */ = {isa = PBXFileReference; lastKnownFileType = folder.assetcatalog; path = Assets.xcassets; sourceTree = "<group>"; };
		A76B4CDA1C57038F0039741A /* Base */ = {isa = PBXFileReference; lastKnownFileType = file.storyboard; name = Base; path = Base.lproj/LaunchScreen.storyboard; sourceTree = "<group>"; };
		A76B4CDC1C57038F0039741A /* Info.plist */ = {isa = PBXFileReference; lastKnownFileType = text.plist.xml; path = Info.plist; sourceTree = "<group>"; };
		A76B4CE11C57038F0039741A /* 1-NSlockTests.xctest */ = {isa = PBXFileReference; explicitFileType = wrapper.cfbundle; includeInIndex = 0; path = "1-NSlockTests.xctest"; sourceTree = BUILT_PRODUCTS_DIR; };
		A76B4CE51C57038F0039741A /* __NSlockTests.m */ = {isa = PBXFileReference; lastKnownFileType = sourcecode.c.objc; path = __NSlockTests.m; sourceTree = "<group>"; };
		A76B4CE71C57038F0039741A /* Info.plist */ = {isa = PBXFileReference; lastKnownFileType = text.plist.xml; path = Info.plist; sourceTree = "<group>"; };
		A76B4CEC1C57038F0039741A /* 1-NSlockUITests.xctest */ = {isa = PBXFileReference; explicitFileType = wrapper.cfbundle; includeInIndex = 0; path = "1-NSlockUITests.xctest"; sourceTree = BUILT_PRODUCTS_DIR; };
		A76B4CF01C57038F0039741A /* __NSlockUITests.m */ = {isa = PBXFileReference; lastKnownFileType = sourcecode.c.objc; path = __NSlockUITests.m; sourceTree = "<group>"; };
		A76B4CF21C57038F0039741A /* Info.plist */ = {isa = PBXFileReference; lastKnownFileType = text.plist.xml; path = Info.plist; sourceTree = "<group>"; };
/* End PBXFileReference section */

/* Begin PBXFrameworksBuildPhase section */
		A76B4CC51C57038F0039741A /* Frameworks */ = {
			isa = PBXFrameworksBuildPhase;
			buildActionMask = 2147483647;
			files = (
			);
			runOnlyForDeploymentPostprocessing = 0;
		};
		A76B4CDE1C57038F0039741A /* Frameworks */ = {
			isa = PBXFrameworksBuildPhase;
			buildActionMask = 2147483647;
			files = (
			);
			runOnlyForDeploymentPostprocessing = 0;
		};
		A76B4CE91C57038F0039741A /* Frameworks */ = {
			isa = PBXFrameworksBuildPhase;
			buildActionMask = 2147483647;
			files = (
			);
			runOnlyForDeploymentPostprocessing = 0;
		};
/* End PBXFrameworksBuildPhase section */

/* Begin PBXGroup section */
		A76B4CBF1C57038F0039741A = {
			isa = PBXGroup;
			children = (
				A76B4CCA1C57038F0039741A /* 1-NSlock */,
				A76B4CE41C57038F0039741A /* 1-NSlockTests */,
				A76B4CEF1C57038F0039741A /* 1-NSlockUITests */,
				A76B4CC91C57038F0039741A /* Products */,
			);
			sourceTree = "<group>";
		};
		A76B4CC91C57038F0039741A /* Products */ = {
			isa = PBXGroup;
			children = (
				A76B4CC81C57038F0039741A /* 1-NSlock.app */,
				A76B4CE11C57038F0039741A /* 1-NSlockTests.xctest */,
				A76B4CEC1C57038F0039741A /* 1-NSlockUITests.xctest */,
			);
			name = Products;
			sourceTree = "<group>";
		};
		A76B4CCA1C57038F0039741A /* 1-NSlock */ = {
			isa = PBXGroup;
			children = (
				A76B4CCE1C57038F0039741A /* AppDelegate.h */,
				A76B4CCF1C57038F0039741A /* AppDelegate.m */,
				A76B4CD11C57038F0039741A /* ViewController.h */,
				A76B4CD21C57038F0039741A /* ViewController.m */,
				A76B4CD41C57038F0039741A /* Main.storyboard */,
				A76B4CD71C57038F0039741A /* Assets.xcassets */,
				A76B4CD91C57038F0039741A /* LaunchScreen.storyboard */,
				A76B4CDC1C57038F0039741A /* Info.plist */,
				A76B4CCB1C57038F0039741A /* Supporting Files */,
			);
			path = "1-NSlock";
			sourceTree = "<group>";
		};
		A76B4CCB1C57038F0039741A /* Supporting Files */ = {
			isa = PBXGroup;
			children = (
				A76B4CCC1C57038F0039741A /* main.m */,
			);
			name = "Supporting Files";
			sourceTree = "<group>";
		};
		A76B4CE41C57038F0039741A /* 1-NSlockTests */ = {
			isa = PBXGroup;
			children = (
				A76B4CE51C57038F0039741A /* __NSlockTests.m */,
				A76B4CE71C57038F0039741A /* Info.plist */,
			);
			path = "1-NSlockTests";
			sourceTree = "<group>";
		};
		A76B4CEF1C57038F0039741A /* 1-NSlockUITests */ = {
			isa = PBXGroup;
			children = (
				A76B4CF01C57038F0039741A /* __NSlockUITests.m */,
				A76B4CF21C57038F0039741A /* Info.plist */,
			);
			path = "1-NSlockUITests";
			sourceTree = "<group>";
		};
/* End PBXGroup section */

/* Begin PBXNativeTarget section */
		A76B4CC71C57038F0039741A /* 1-NSlock */ = {
			isa = PBXNativeTarget;
			buildConfigurationList = A76B4CF51C57038F0039741A /* Build configuration list for PBXNativeTarget "1-NSlock" */;
			buildPhases = (
				A76B4CC41C57038F0039741A /* Sources */,
				A76B4CC51C57038F0039741A /* Frameworks */,
				A76B4CC61C57038F0039741A /* Resources */,
			);
			buildRules = (
			);
			dependencies = (
			);
			name = "1-NSlock";
			productName = "1-NSlock";
			productReference = A76B4CC81C57038F0039741A /* 1-NSlock.app */;
			productType = "com.apple.product-type.application";
		};
		A76B4CE01C57038F0039741A /* 1-NSlockTests */ = {
			isa = PBXNativeTarget;
			buildConfigurationList = A76B4CF81C57038F0039741A /* Build configuration list for PBXNativeTarget "1-NSlockTests" */;
			buildPhases = (
				A76B4CDD1C57038F0039741A /* Sources */,
				A76B4CDE1C57038F0039741A /* Frameworks */,
				A76B4CDF1C57038F0039741A /* Resources */,
			);
			buildRules = (
			);
			dependencies = (
				A76B4CE31C57038F0039741A /* PBXTargetDependency */,
			);
			name = "1-NSlockTests";
			productName = "1-NSlockTests";
			productReference = A76B4CE11C57038F0039741A /* 1-NSlockTests.xctest */;
			productType = "com.apple.product-type.bundle.unit-test";
		};
		A76B4CEB1C57038F0039741A /* 1-NSlockUITests */ = {
			isa = PBXNativeTarget;
			buildConfigurationList = A76B4CFB1C57038F0039741A /* Build configuration list for PBXNativeTarget "1-NSlockUITests" */;
			buildPhases = (
				A76B4CE81C57038F0039741A /* Sources */,
				A76B4CE91C57038F0039741A /* Frameworks */,
				A76B4CEA1C57038F0039741A /* Resources */,
			);
			buildRules = (
			);
			dependencies = (
				A76B4CEE1C57038F0039741A /* PBXTargetDependency */,
			);
			name = "1-NSlockUITests";
			productName = "1-NSlockUITests";
			productReference = A76B4CEC1C57038F0039741A /* 1-NSlockUITests.xctest */;
			productType = "com.apple.product-type.bundle.ui-testing";
		};
/* End PBXNativeTarget section */

/* Begin PBXProject section */
		A76B4CC01C57038F0039741A /* Project object */ = {
			isa = PBXProject;
			attributes = {
				LastUpgradeCheck = 0710;
				ORGANIZATIONNAME = "陶星宇";
				TargetAttributes = {
					A76B4CC71C57038F0039741A = {
						CreatedOnToolsVersion = 7.1;
					};
					A76B4CE01C57038F0039741A = {
						CreatedOnToolsVersion = 7.1;
						TestTargetID = A76B4CC71C57038F0039741A;
					};
					A76B4CEB1C57038F0039741A = {
						CreatedOnToolsVersion = 7.1;
						TestTargetID = A76B4CC71C57038F0039741A;
					};
				};
			};
			buildConfigurationList = A76B4CC31C57038F0039741A /* Build configuration list for PBXProject "1-NSlock" */;
			compatibilityVersion = "Xcode 3.2";
			developmentRegion = English;
			hasScannedForEncodings = 0;
			knownRegions = (
				en,
				Base,
			);
			mainGroup = A76B4CBF1C57038F0039741A;
			productRefGroup = A76B4CC91C57038F0039741A /* Products */;
			projectDirPath = "";
			projectRoot = "";
			targets = (
				A76B4CC71C57038F0039741A /* 1-NSlock */,
				A76B4CE01C57038F0039741A /* 1-NSlockTests */,
				A76B4CEB1C57038F0039741A /* 1-NSlockUITests */,
			);
		};
/* End PBXProject section */

/* Begin PBXResourcesBuildPhase section */
		A76B4CC61C57038F0039741A /* Resources */ = {
			isa = PBXResourcesBuildPhase;
			buildActionMask = 2147483647;
			files = (
				A76B4CDB1C57038F0039741A /* LaunchScreen.storyboard in Resources */,
				A76B4CD81C57038F0039741A /* Assets.xcassets in Resources */,
				A76B4CD61C57038F0039741A /* Main.storyboard in Resources */,
			);
			runOnlyForDeploymentPostprocessing = 0;
		};
		A76B4CDF1C57038F0039741A /* Resources */ = {
			isa = PBXResourcesBuildPhase;
			buildActionMask = 2147483647;
			files = (
			);
			runOnlyForDeploymentPostprocessing = 0;
		};
		A76B4CEA1C57038F0039741A /* Resources */ = {
			isa = PBXResourcesBuildPhase;
			buildActionMask = 2147483647;
			files = (
			);
			runOnlyForDeploymentPostprocessing = 0;
		};
/* End PBXResourcesBuildPhase section */

/* Begin PBXSourcesBuildPhase section */
		A76B4CC41C57038F0039741A /* Sources */ = {
			isa = PBXSourcesBuildPhase;
			buildActionMask = 2147483647;
			files = (
				A76B4CD31C57038F0039741A /* ViewController.m in Sources */,
				A76B4CD01C57038F0039741A /* AppDelegate.m in Sources */,
				A76B4CCD1C57038F0039741A /* main.m in Sources */,
			);
			runOnlyForDeploymentPostprocessing = 0;
		};
		A76B4CDD1C57038F0039741A /* Sources */ = {
			isa = PBXSourcesBuildPhase;
			buildActionMask = 2147483647;
			files = (
				A76B4CE61C57038F0039741A /* __NSlockTests.m in Sources */,
			);
			runOnlyForDeploymentPostprocessing = 0;
		};
		A76B4CE81C57038F0039741A /* Sources */ = {
			isa = PBXSourcesBuildPhase;
			buildActionMask = 2147483647;
			files = (
				A76B4CF11C57038F0039741A /* __NSlockUITests.m in Sources */,
			);
			runOnlyForDeploymentPostprocessing = 0;
		};
/* End PBXSourcesBuildPhase section */

/* Begin PBXTargetDependency section */
		A76B4CE31C57038F0039741A /* PBXTargetDependency */ = {
			isa = PBXTargetDependency;
			target = A76B4CC71C57038F0039741A /* 1-NSlock */;
			targetProxy = A76B4CE21C57038F0039741A /* PBXContainerItemProxy */;
		};
		A76B4CEE1C57038F0039741A /* PBXTargetDependency */ = {
			isa = PBXTargetDependency;
			target = A76B4CC71C57038F0039741A /* 1-NSlock */;
			targetProxy = A76B4CED1C57038F0039741A /* PBXContainerItemProxy */;
		};
/* End PBXTargetDependency section */

/* Begin PBXVariantGroup section */
		A76B4CD41C57038F0039741A /* Main.storyboard */ = {
			isa = PBXVariantGroup;
			children = (
				A76B4CD51C57038F0039741A /* Base */,
			);
			name = Main.storyboard;
			sourceTree = "<group>";
		};
		A76B4CD91C57038F0039741A /* LaunchScreen.storyboard */ = {
			isa = PBXVariantGroup;
			children = (
				A76B4CDA1C57038F0039741A /* Base */,
			);
			name = LaunchScreen.storyboard;
			sourceTree = "<group>";
		};
/* End PBXVariantGroup section */

/* Begin XCBuildConfiguration section */
		A76B4CF31C57038F0039741A /* Debug */ = {
			isa = XCBuildConfiguration;
			buildSettings = {
				ALWAYS_SEARCH_USER_PATHS = NO;
				CLANG_CXX_LANGUAGE_STANDARD = "gnu++0x";
				CLANG_CXX_LIBRARY = "libc++";
				CLANG_ENABLE_MODULES = YES;
				CLANG_ENABLE_OBJC_ARC = YES;
				CLANG_WARN_BOOL_CONVERSION = YES;
				CLANG_WARN_CONSTANT_CONVERSION = YES;
				CLANG_WARN_DIRECT_OBJC_ISA_USAGE = YES_ERROR;
				CLANG_WARN_EMPTY_BODY = YES;
				CLANG_WARN_ENUM_CONVERSION = YES;
				CLANG_WARN_INT_CONVERSION = YES;
				CLANG_WARN_OBJC_ROOT_CLASS = YES_ERROR;
				CLANG_WARN_UNREACHABLE_CODE = YES;
				CLANG_WARN__DUPLICATE_METHOD_MATCH = YES;
				"CODE_SIGN_IDENTITY[sdk=iphoneos*]" = "iPhone Developer";
				COPY_PHASE_STRIP = NO;
				DEBUG_INFORMATION_FORMAT = dwarf;
				ENABLE_STRICT_OBJC_MSGSEND = YES;
				ENABLE_TESTABILITY = YES;
				GCC_C_LANGUAGE_STANDARD = gnu99;
				GCC_DYNAMIC_NO_PIC = NO;
				GCC_NO_COMMON_BLOCKS = YES;
				GCC_OPTIMIZATION_LEVEL = 0;
				GCC_PREPROCESSOR_DEFINITIONS = (
					"DEBUG=1",
					"$(inherited)",
				);
				GCC_WARN_64_TO_32_BIT_CONVERSION = YES;
				GCC_WARN_ABOUT_RETURN_TYPE = YES_ERROR;
				GCC_WARN_UNDECLARED_SELECTOR = YES;
				GCC_WARN_UNINITIALIZED_AUTOS = YES_AGGRESSIVE;
				GCC_WARN_UNUSED_FUNCTION = YES;
				GCC_WARN_UNUSED_VARIABLE = YES;
				IPHONEOS_DEPLOYMENT_TARGET = 9.1;
				MTL_ENABLE_DEBUG_INFO = YES;
				ONLY_ACTIVE_ARCH = YES;
				SDKROOT = iphoneos;
			};
			name = Debug;
		};
		A76B4CF41C57038F0039741A /* Release */ = {
			isa = XCBuildConfiguration;
			buildSettings = {
				ALWAYS_SEARCH_USER_PATHS = NO;
				CLANG_CXX_LANGUAGE_STANDARD = "gnu++0x";
				CLANG_CXX_LIBRARY = "libc++";
				CLANG_ENABLE_MODULES = YES;
				CLANG_ENABLE_OBJC_ARC = YES;
				CLANG_WARN_BOOL_CONVERSION = YES;
				CLANG_WARN_CONSTANT_CONVERSION = YES;
				CLANG_WARN_DIRECT_OBJC_ISA_USAGE = YES_ERROR;
				CLANG_WARN_EMPTY_BODY = YES;
				CLANG_WARN_ENUM_CONVERSION = YES;
				CLANG_WARN_INT_CONVERSION = YES;
				CLANG_WARN_OBJC_ROOT_CLASS = YES_ERROR;
				CLANG_WARN_UNREACHABLE_CODE = YES;
				CLANG_WARN__DUPLICATE_METHOD_MATCH = YES;
				"CODE_SIGN_IDENTITY[sdk=iphoneos*]" = "iPhone Developer";
				COPY_PHASE_STRIP = NO;
				DEBUG_INFORMATION_FORMAT = "dwarf-with-dsym";
				ENABLE_NS_ASSERTIONS = NO;
				ENABLE_STRICT_OBJC_MSGSEND = YES;
				GCC_C_LANGUAGE_STANDARD = gnu99;
				GCC_NO_COMMON_BLOCKS = YES;
				GCC_WARN_64_TO_32_BIT_CONVERSION = YES;
				GCC_WARN_ABOUT_RETURN_TYPE = YES_ERROR;
				GCC_WARN_UNDECLARED_SELECTOR = YES;
				GCC_WARN_UNINITIALIZED_AUTOS = YES_AGGRESSIVE;
				GCC_WARN_UNUSED_FUNCTION = YES;
				GCC_WARN_UNUSED_VARIABLE = YES;
				IPHONEOS_DEPLOYMENT_TARGET = 9.1;
				MTL_ENABLE_DEBUG_INFO = NO;
				SDKROOT = iphoneos;
				VALIDATE_PRODUCT = YES;
			};
			name = Release;
		};
		A76B4CF61C57038F0039741A /* Debug */ = {
			isa = XCBuildConfiguration;
			buildSettings = {
				ASSETCATALOG_COMPILER_APPICON_NAME = AppIcon;
				INFOPLIST_FILE = "1-NSlock/Info.plist";
				LD_RUNPATH_SEARCH_PATHS = "$(inherited) @executable_path/Frameworks";
				PRODUCT_BUNDLE_IDENTIFIER = "com.1519-.--NSlock";
				PRODUCT_NAME = "$(TARGET_NAME)";
			};
			name = Debug;
		};
		A76B4CF71C57038F0039741A /* Release */ = {
			isa = XCBuildConfiguration;
			buildSettings = {
				ASSETCATALOG_COMPILER_APPICON_NAME = AppIcon;
				INFOPLIST_FILE = "1-NSlock/Info.plist";
				LD_RUNPATH_SEARCH_PATHS = "$(inherited) @executable_path/Frameworks";
				PRODUCT_BUNDLE_IDENTIFIER = "com.1519-.--NSlock";
				PRODUCT_NAME = "$(TARGET_NAME)";
			};
			name = Release;
		};
		A76B4CF91C57038F0039741A /* Debug */ = {
			isa = XCBuildConfiguration;
			buildSettings = {
				BUNDLE_LOADER = "$(TEST_HOST)";
				INFOPLIST_FILE = "1-NSlockTests/Info.plist";
				LD_RUNPATH_SEARCH_PATHS = "$(inherited) @executable_path/Frameworks @loader_path/Frameworks";
				PRODUCT_BUNDLE_IDENTIFIER = "com.1519-.--NSlockTests";
				PRODUCT_NAME = "$(TARGET_NAME)";
				TEST_HOST = "$(BUILT_PRODUCTS_DIR)/1-NSlock.app/1-NSlock";
			};
			name = Debug;
		};
		A76B4CFA1C57038F0039741A /* Release */ = {
			isa = XCBuildConfiguration;
			buildSettings = {
				BUNDLE_LOADER = "$(TEST_HOST)";
				INFOPLIST_FILE = "1-NSlockTests/Info.plist";
				LD_RUNPATH_SEARCH_PATHS = "$(inherited) @executable_path/Frameworks @loader_path/Frameworks";
				PRODUCT_BUNDLE_IDENTIFIER = "com.1519-.--NSlockTests";
				PRODUCT_NAME = "$(TARGET_NAME)";
				TEST_HOST = "$(BUILT_PRODUCTS_DIR)/1-NSlock.app/1-NSlock";
			};
			name = Release;
		};
		A76B4CFC1C57038F0039741A /* Debug */ = {
			isa = XCBuildConfiguration;
			buildSettings = {
				INFOPLIST_FILE = "1-NSlockUITests/Info.plist";
				LD_RUNPATH_SEARCH_PATHS = "$(inherited) @executable_path/Frameworks @loader_path/Frameworks";
				PRODUCT_BUNDLE_IDENTIFIER = "com.1519-.--NSlockUITests";
				PRODUCT_NAME = "$(TARGET_NAME)";
				TEST_TARGET_NAME = "1-NSlock";
				USES_XCTRUNNER = YES;
			};
			name = Debug;
		};
		A76B4CFD1C57038F0039741A /* Release */ = {
			isa = XCBuildConfiguration;
			buildSettings = {
				INFOPLIST_FILE = "1-NSlockUITests/Info.plist";
				LD_RUNPATH_SEARCH_PATHS = "$(inherited) @executable_path/Frameworks @loader_path/Frameworks";
				PRODUCT_BUNDLE_IDENTIFIER = "com.1519-.--NSlockUITests";
				PRODUCT_NAME = "$(TARGET_NAME)";
				TEST_TARGET_NAME = "1-NSlock";
				USES_XCTRUNNER = YES;
			};
			name = Release;
		};
/* End XCBuildConfiguration section */

/* Begin XCConfigurationList section */
		A76B4CC31C57038F0039741A /* Build configuration list for PBXProject "1-NSlock" */ = {
			isa = XCConfigurationList;
			buildConfigurations = (
				A76B4CF31C57038F0039741A /* Debug */,
				A76B4CF41C57038F0039741A /* Release */,
			);
			defaultConfigurationIsVisible = 0;
			defaultConfigurationName = Release;
		};
		A76B4CF51C57038F0039741A /* Build configuration list for PBXNativeTarget "1-NSlock" */ = {
			isa = XCConfigurationList;
			buildConfigurations = (
				A76B4CF61C57038F0039741A /* Debug */,
				A76B4CF71C57038F0039741A /* Release */,
			);
			defaultConfigurationIsVisible = 0;
		};
		A76B4CF81C57038F0039741A /* Build configuration list for PBXNativeTarget "1-NSlockTests" */ = {
			isa = XCConfigurationList;
			buildConfigurations = (
				A76B4CF91C57038F0039741A /* Debug */,
				A76B4CFA1C57038F0039741A /* Release */,
			);
			defaultConfigurationIsVisible = 0;
		};
		A76B4CFB1C57038F0039741A /* Build configuration list for PBXNativeTarget "1-NSlockUITests" */ = {
			isa = XCConfigurationList;
			buildConfigurations = (
				A76B4CFC1C57038F0039741A /* Debug */,
				A76B4CFD1C57038F0039741A /* Release */,
			);
			defaultConfigurationIsVisible = 0;
		};
/* End XCConfigurationList section */
	};
	rootObject = A76B4CC01C57038F0039741A /* Project object */;
}
