// !$*UTF8*$!
{
	archiveVersion = 1;
	classes = {
	};
	objectVersion = 46;
	objects = {

/* Begin PBXBuildFile section */
		A76B4BF51C5621920039741A /* main.m in Sources */ = {isa = PBXBuildFile; fileRef = A76B4BF41C5621920039741A /* main.m */; };
		A76B4BF81C5621920039741A /* AppDelegate.m in Sources */ = {isa = PBXBuildFile; fileRef = A76B4BF71C5621920039741A /* AppDelegate.m */; };
		A76B4BFB1C5621920039741A /* ViewController.m in Sources */ = {isa = PBXBuildFile; fileRef = A76B4BFA1C5621920039741A /* ViewController.m */; };
		A76B4BFE1C5621920039741A /* Main.storyboard in Resources */ = {isa = PBXBuildFile; fileRef = A76B4BFC1C5621920039741A /* Main.storyboard */; };
		A76B4C001C5621920039741A /* Assets.xcassets in Resources */ = {isa = PBXBuildFile; fileRef = A76B4BFF1C5621920039741A /* Assets.xcassets */; };
		A76B4C031C5621920039741A /* LaunchScreen.storyboard in Resources */ = {isa = PBXBuildFile; fileRef = A76B4C011C5621920039741A /* LaunchScreen.storyboard */; };
		A76B4C0E1C5621920039741A /* __GDCTests.m in Sources */ = {isa = PBXBuildFile; fileRef = A76B4C0D1C5621920039741A /* __GDCTests.m */; };
		A76B4C191C5621930039741A /* __GDCUITests.m in Sources */ = {isa = PBXBuildFile; fileRef = A76B4C181C5621930039741A /* __GDCUITests.m */; };
/* End PBXBuildFile section */

/* Begin PBXContainerItemProxy section */
		A76B4C0A1C5621920039741A /* PBXContainerItemProxy */ = {
			isa = PBXContainerItemProxy;
			containerPortal = A76B4BE81C5621920039741A /* Project object */;
			proxyType = 1;
			remoteGlobalIDString = A76B4BEF1C5621920039741A;
			remoteInfo = "5-GDC";
		};
		A76B4C151C5621920039741A /* PBXContainerItemProxy */ = {
			isa = PBXContainerItemProxy;
			containerPortal = A76B4BE81C5621920039741A /* Project object */;
			proxyType = 1;
			remoteGlobalIDString = A76B4BEF1C5621920039741A;
			remoteInfo = "5-GDC";
		};
/* End PBXContainerItemProxy section */

/* Begin PBXFileReference section */
		A76B4BF01C5621920039741A /* 5-GDC.app */ = {isa = PBXFileReference; explicitFileType = wrapper.application; includeInIndex = 0; path = "5-GDC.app"; sourceTree = BUILT_PRODUCTS_DIR; };
		A76B4BF41C5621920039741A /* main.m */ = {isa = PBXFileReference; lastKnownFileType = sourcecode.c.objc; path = main.m; sourceTree = "<group>"; };
		A76B4BF61C5621920039741A /* AppDelegate.h */ = {isa = PBXFileReference; lastKnownFileType = sourcecode.c.h; path = AppDelegate.h; sourceTree = "<group>"; };
		A76B4BF71C5621920039741A /* AppDelegate.m */ = {isa = PBXFileReference; lastKnownFileType = sourcecode.c.objc; path = AppDelegate.m; sourceTree = "<group>"; };
		A76B4BF91C5621920039741A /* ViewController.h */ = {isa = PBXFileReference; lastKnownFileType = sourcecode.c.h; path = ViewController.h; sourceTree = "<group>"; };
		A76B4BFA1C5621920039741A /* ViewController.m */ = {isa = PBXFileReference; lastKnownFileType = sourcecode.c.objc; path = ViewController.m; sourceTree = "<group>"; };
		A76B4BFD1C5621920039741A /* Base */ = {isa = PBXFileReference; lastKnownFileType = file.storyboard; name = Base; path = Base.lproj/Main.storyboard; sourceTree = "<group>"; };
		A76B4BFF1C5621920039741A /* Assets.xcassets */ = {isa = PBXFileReference; lastKnownFileType = folder.assetcatalog; path = Assets.xcassets; sourceTree = "<group>"; };
		A76B4C021C5621920039741A /* Base */ = {isa = PBXFileReference; lastKnownFileType = file.storyboard; name = Base; path = Base.lproj/LaunchScreen.storyboard; sourceTree = "<group>"; };
		A76B4C041C5621920039741A /* Info.plist */ = {isa = PBXFileReference; lastKnownFileType = text.plist.xml; path = Info.plist; sourceTree = "<group>"; };
		A76B4C091C5621920039741A /* 5-GDCTests.xctest */ = {isa = PBXFileReference; explicitFileType = wrapper.cfbundle; includeInIndex = 0; path = "5-GDCTests.xctest"; sourceTree = BUILT_PRODUCTS_DIR; };
		A76B4C0D1C5621920039741A /* __GDCTests.m */ = {isa = PBXFileReference; lastKnownFileType = sourcecode.c.objc; path = __GDCTests.m; sourceTree = "<group>"; };
		A76B4C0F1C5621920039741A /* Info.plist */ = {isa = PBXFileReference; lastKnownFileType = text.plist.xml; path = Info.plist; sourceTree = "<group>"; };
		A76B4C141C5621920039741A /* 5-GDCUITests.xctest */ = {isa = PBXFileReference; explicitFileType = wrapper.cfbundle; includeInIndex = 0; path = "5-GDCUITests.xctest"; sourceTree = BUILT_PRODUCTS_DIR; };
		A76B4C181C5621930039741A /* __GDCUITests.m */ = {isa = PBXFileReference; lastKnownFileType = sourcecode.c.objc; path = __GDCUITests.m; sourceTree = "<group>"; };
		A76B4C1A1C5621930039741A /* Info.plist */ = {isa = PBXFileReference; lastKnownFileType = text.plist.xml; path = Info.plist; sourceTree = "<group>"; };
/* End PBXFileReference section */

/* Begin PBXFrameworksBuildPhase section */
		A76B4BED1C5621920039741A /* Frameworks */ = {
			isa = PBXFrameworksBuildPhase;
			buildActionMask = 2147483647;
			files = (
			);
			runOnlyForDeploymentPostprocessing = 0;
		};
		A76B4C061C5621920039741A /* Frameworks */ = {
			isa = PBXFrameworksBuildPhase;
			buildActionMask = 2147483647;
			files = (
			);
			runOnlyForDeploymentPostprocessing = 0;
		};
		A76B4C111C5621920039741A /* Frameworks */ = {
			isa = PBXFrameworksBuildPhase;
			buildActionMask = 2147483647;
			files = (
			);
			runOnlyForDeploymentPostprocessing = 0;
		};
/* End PBXFrameworksBuildPhase section */

/* Begin PBXGroup section */
		A76B4BE71C5621920039741A = {
			isa = PBXGroup;
			children = (
				A76B4BF21C5621920039741A /* 5-GDC */,
				A76B4C0C1C5621920039741A /* 5-GDCTests */,
				A76B4C171C5621930039741A /* 5-GDCUITests */,
				A76B4BF11C5621920039741A /* Products */,
			);
			sourceTree = "<group>";
		};
		A76B4BF11C5621920039741A /* Products */ = {
			isa = PBXGroup;
			children = (
				A76B4BF01C5621920039741A /* 5-GDC.app */,
				A76B4C091C5621920039741A /* 5-GDCTests.xctest */,
				A76B4C141C5621920039741A /* 5-GDCUITests.xctest */,
			);
			name = Products;
			sourceTree = "<group>";
		};
		A76B4BF21C5621920039741A /* 5-GDC */ = {
			isa = PBXGroup;
			children = (
				A76B4BF61C5621920039741A /* AppDelegate.h */,
				A76B4BF71C5621920039741A /* AppDelegate.m */,
				A76B4BF91C5621920039741A /* ViewController.h */,
				A76B4BFA1C5621920039741A /* ViewController.m */,
				A76B4BFC1C5621920039741A /* Main.storyboard */,
				A76B4BFF1C5621920039741A /* Assets.xcassets */,
				A76B4C011C5621920039741A /* LaunchScreen.storyboard */,
				A76B4C041C5621920039741A /* Info.plist */,
				A76B4BF31C5621920039741A /* Supporting Files */,
			);
			path = "5-GDC";
			sourceTree = "<group>";
		};
		A76B4BF31C5621920039741A /* Supporting Files */ = {
			isa = PBXGroup;
			children = (
				A76B4BF41C5621920039741A /* main.m */,
			);
			name = "Supporting Files";
			sourceTree = "<group>";
		};
		A76B4C0C1C5621920039741A /* 5-GDCTests */ = {
			isa = PBXGroup;
			children = (
				A76B4C0D1C5621920039741A /* __GDCTests.m */,
				A76B4C0F1C5621920039741A /* Info.plist */,
			);
			path = "5-GDCTests";
			sourceTree = "<group>";
		};
		A76B4C171C5621930039741A /* 5-GDCUITests */ = {
			isa = PBXGroup;
			children = (
				A76B4C181C5621930039741A /* __GDCUITests.m */,
				A76B4C1A1C5621930039741A /* Info.plist */,
			);
			path = "5-GDCUITests";
			sourceTree = "<group>";
		};
/* End PBXGroup section */

/* Begin PBXNativeTarget section */
		A76B4BEF1C5621920039741A /* 5-GDC */ = {
			isa = PBXNativeTarget;
			buildConfigurationList = A76B4C1D1C5621930039741A /* Build configuration list for PBXNativeTarget "5-GDC" */;
			buildPhases = (
				A76B4BEC1C5621920039741A /* Sources */,
				A76B4BED1C5621920039741A /* Frameworks */,
				A76B4BEE1C5621920039741A /* Resources */,
			);
			buildRules = (
			);
			dependencies = (
			);
			name = "5-GDC";
			productName = "5-GDC";
			productReference = A76B4BF01C5621920039741A /* 5-GDC.app */;
			productType = "com.apple.product-type.application";
		};
		A76B4C081C5621920039741A /* 5-GDCTests */ = {
			isa = PBXNativeTarget;
			buildConfigurationList = A76B4C201C5621930039741A /* Build configuration list for PBXNativeTarget "5-GDCTests" */;
			buildPhases = (
				A76B4C051C5621920039741A /* Sources */,
				A76B4C061C5621920039741A /* Frameworks */,
				A76B4C071C5621920039741A /* Resources */,
			);
			buildRules = (
			);
			dependencies = (
				A76B4C0B1C5621920039741A /* PBXTargetDependency */,
			);
			name = "5-GDCTests";
			productName = "5-GDCTests";
			productReference = A76B4C091C5621920039741A /* 5-GDCTests.xctest */;
			productType = "com.apple.product-type.bundle.unit-test";
		};
		A76B4C131C5621920039741A /* 5-GDCUITests */ = {
			isa = PBXNativeTarget;
			buildConfigurationList = A76B4C231C5621930039741A /* Build configuration list for PBXNativeTarget "5-GDCUITests" */;
			buildPhases = (
				A76B4C101C5621920039741A /* Sources */,
				A76B4C111C5621920039741A /* Frameworks */,
				A76B4C121C5621920039741A /* Resources */,
			);
			buildRules = (
			);
			dependencies = (
				A76B4C161C5621920039741A /* PBXTargetDependency */,
			);
			name = "5-GDCUITests";
			productName = "5-GDCUITests";
			productReference = A76B4C141C5621920039741A /* 5-GDCUITests.xctest */;
			productType = "com.apple.product-type.bundle.ui-testing";
		};
/* End PBXNativeTarget section */

/* Begin PBXProject section */
		A76B4BE81C5621920039741A /* Project object */ = {
			isa = PBXProject;
			attributes = {
				LastUpgradeCheck = 0710;
				ORGANIZATIONNAME = "陶星宇";
				TargetAttributes = {
					A76B4BEF1C5621920039741A = {
						CreatedOnToolsVersion = 7.1;
					};
					A76B4C081C5621920039741A = {
						CreatedOnToolsVersion = 7.1;
						TestTargetID = A76B4BEF1C5621920039741A;
					};
					A76B4C131C5621920039741A = {
						CreatedOnToolsVersion = 7.1;
						TestTargetID = A76B4BEF1C5621920039741A;
					};
				};
			};
			buildConfigurationList = A76B4BEB1C5621920039741A /* Build configuration list for PBXProject "5-GDC" */;
			compatibilityVersion = "Xcode 3.2";
			developmentRegion = English;
			hasScannedForEncodings = 0;
			knownRegions = (
				en,
				Base,
			);
			mainGroup = A76B4BE71C5621920039741A;
			productRefGroup = A76B4BF11C5621920039741A /* Products */;
			projectDirPath = "";
			projectRoot = "";
			targets = (
				A76B4BEF1C5621920039741A /* 5-GDC */,
				A76B4C081C5621920039741A /* 5-GDCTests */,
				A76B4C131C5621920039741A /* 5-GDCUITests */,
			);
		};
/* End PBXProject section */

/* Begin PBXResourcesBuildPhase section */
		A76B4BEE1C5621920039741A /* Resources */ = {
			isa = PBXResourcesBuildPhase;
			buildActionMask = 2147483647;
			files = (
				A76B4C031C5621920039741A /* LaunchScreen.storyboard in Resources */,
				A76B4C001C5621920039741A /* Assets.xcassets in Resources */,
				A76B4BFE1C5621920039741A /* Main.storyboard in Resources */,
			);
			runOnlyForDeploymentPostprocessing = 0;
		};
		A76B4C071C5621920039741A /* Resources */ = {
			isa = PBXResourcesBuildPhase;
			buildActionMask = 2147483647;
			files = (
			);
			runOnlyForDeploymentPostprocessing = 0;
		};
		A76B4C121C5621920039741A /* Resources */ = {
			isa = PBXResourcesBuildPhase;
			buildActionMask = 2147483647;
			files = (
			);
			runOnlyForDeploymentPostprocessing = 0;
		};
/* End PBXResourcesBuildPhase section */

/* Begin PBXSourcesBuildPhase section */
		A76B4BEC1C5621920039741A /* Sources */ = {
			isa = PBXSourcesBuildPhase;
			buildActionMask = 2147483647;
			files = (
				A76B4BFB1C5621920039741A /* ViewController.m in Sources */,
				A76B4BF81C5621920039741A /* AppDelegate.m in Sources */,
				A76B4BF51C5621920039741A /* main.m in Sources */,
			);
			runOnlyForDeploymentPostprocessing = 0;
		};
		A76B4C051C5621920039741A /* Sources */ = {
			isa = PBXSourcesBuildPhase;
			buildActionMask = 2147483647;
			files = (
				A76B4C0E1C5621920039741A /* __GDCTests.m in Sources */,
			);
			runOnlyForDeploymentPostprocessing = 0;
		};
		A76B4C101C5621920039741A /* Sources */ = {
			isa = PBXSourcesBuildPhase;
			buildActionMask = 2147483647;
			files = (
				A76B4C191C5621930039741A /* __GDCUITests.m in Sources */,
			);
			runOnlyForDeploymentPostprocessing = 0;
		};
/* End PBXSourcesBuildPhase section */

/* Begin PBXTargetDependency section */
		A76B4C0B1C5621920039741A /* PBXTargetDependency */ = {
			isa = PBXTargetDependency;
			target = A76B4BEF1C5621920039741A /* 5-GDC */;
			targetProxy = A76B4C0A1C5621920039741A /* PBXContainerItemProxy */;
		};
		A76B4C161C5621920039741A /* PBXTargetDependency */ = {
			isa = PBXTargetDependency;
			target = A76B4BEF1C5621920039741A /* 5-GDC */;
			targetProxy = A76B4C151C5621920039741A /* PBXContainerItemProxy */;
		};
/* End PBXTargetDependency section */

/* Begin PBXVariantGroup section */
		A76B4BFC1C5621920039741A /* Main.storyboard */ = {
			isa = PBXVariantGroup;
			children = (
				A76B4BFD1C5621920039741A /* Base */,
			);
			name = Main.storyboard;
			sourceTree = "<group>";
		};
		A76B4C011C5621920039741A /* LaunchScreen.storyboard */ = {
			isa = PBXVariantGroup;
			children = (
				A76B4C021C5621920039741A /* Base */,
			);
			name = LaunchScreen.storyboard;
			sourceTree = "<group>";
		};
/* End PBXVariantGroup section */

/* Begin XCBuildConfiguration section */
		A76B4C1B1C5621930039741A /* Debug */ = {
			isa = XCBuildConfiguration;
			buildSettings = {
				ALWAYS_SEARCH_USER_PATHS = NO;
				CLANG_CXX_LANGUAGE_STANDARD = "gnu++0x";
				CLANG_CXX_LIBRARY = "libc++";
				CLANG_ENABLE_MODULES = YES;
				CLANG_ENABLE_OBJC_ARC = YES;
				CLANG_WARN_BOOL_CONVERSION = YES;
				CLANG_WARN_CONSTANT_CONVERSION = YES;
				CLANG_WARN_DIRECT_OBJC_ISA_USAGE = YES_ERROR;
				CLANG_WARN_EMPTY_BODY = YES;
				CLANG_WARN_ENUM_CONVERSION = YES;
				CLANG_WARN_INT_CONVERSION = YES;
				CLANG_WARN_OBJC_ROOT_CLASS = YES_ERROR;
				CLANG_WARN_UNREACHABLE_CODE = YES;
				CLANG_WARN__DUPLICATE_METHOD_MATCH = YES;
				"CODE_SIGN_IDENTITY[sdk=iphoneos*]" = "iPhone Developer";
				COPY_PHASE_STRIP = NO;
				DEBUG_INFORMATION_FORMAT = dwarf;
				ENABLE_STRICT_OBJC_MSGSEND = YES;
				ENABLE_TESTABILITY = YES;
				GCC_C_LANGUAGE_STANDARD = gnu99;
				GCC_DYNAMIC_NO_PIC = NO;
				GCC_NO_COMMON_BLOCKS = YES;
				GCC_OPTIMIZATION_LEVEL = 0;
				GCC_PREPROCESSOR_DEFINITIONS = (
					"DEBUG=1",
					"$(inherited)",
				);
				GCC_WARN_64_TO_32_BIT_CONVERSION = YES;
				GCC_WARN_ABOUT_RETURN_TYPE = YES_ERROR;
				GCC_WARN_UNDECLARED_SELECTOR = YES;
				GCC_WARN_UNINITIALIZED_AUTOS = YES_AGGRESSIVE;
				GCC_WARN_UNUSED_FUNCTION = YES;
				GCC_WARN_UNUSED_VARIABLE = YES;
				IPHONEOS_DEPLOYMENT_TARGET = 9.1;
				MTL_ENABLE_DEBUG_INFO = YES;
				ONLY_ACTIVE_ARCH = YES;
				SDKROOT = iphoneos;
			};
			name = Debug;
		};
		A76B4C1C1C5621930039741A /* Release */ = {
			isa = XCBuildConfiguration;
			buildSettings = {
				ALWAYS_SEARCH_USER_PATHS = NO;
				CLANG_CXX_LANGUAGE_STANDARD = "gnu++0x";
				CLANG_CXX_LIBRARY = "libc++";
				CLANG_ENABLE_MODULES = YES;
				CLANG_ENABLE_OBJC_ARC = YES;
				CLANG_WARN_BOOL_CONVERSION = YES;
				CLANG_WARN_CONSTANT_CONVERSION = YES;
				CLANG_WARN_DIRECT_OBJC_ISA_USAGE = YES_ERROR;
				CLANG_WARN_EMPTY_BODY = YES;
				CLANG_WARN_ENUM_CONVERSION = YES;
				CLANG_WARN_INT_CONVERSION = YES;
				CLANG_WARN_OBJC_ROOT_CLASS = YES_ERROR;
				CLANG_WARN_UNREACHABLE_CODE = YES;
				CLANG_WARN__DUPLICATE_METHOD_MATCH = YES;
				"CODE_SIGN_IDENTITY[sdk=iphoneos*]" = "iPhone Developer";
				COPY_PHASE_STRIP = NO;
				DEBUG_INFORMATION_FORMAT = "dwarf-with-dsym";
				ENABLE_NS_ASSERTIONS = NO;
				ENABLE_STRICT_OBJC_MSGSEND = YES;
				GCC_C_LANGUAGE_STANDARD = gnu99;
				GCC_NO_COMMON_BLOCKS = YES;
				GCC_WARN_64_TO_32_BIT_CONVERSION = YES;
				GCC_WARN_ABOUT_RETURN_TYPE = YES_ERROR;
				GCC_WARN_UNDECLARED_SELECTOR = YES;
				GCC_WARN_UNINITIALIZED_AUTOS = YES_AGGRESSIVE;
				GCC_WARN_UNUSED_FUNCTION = YES;
				GCC_WARN_UNUSED_VARIABLE = YES;
				IPHONEOS_DEPLOYMENT_TARGET = 9.1;
				MTL_ENABLE_DEBUG_INFO = NO;
				SDKROOT = iphoneos;
				VALIDATE_PRODUCT = YES;
			};
			name = Release;
		};
		A76B4C1E1C5621930039741A /* Debug */ = {
			isa = XCBuildConfiguration;
			buildSettings = {
				ASSETCATALOG_COMPILER_APPICON_NAME = AppIcon;
				INFOPLIST_FILE = "5-GDC/Info.plist";
				LD_RUNPATH_SEARCH_PATHS = "$(inherited) @executable_path/Frameworks";
				PRODUCT_BUNDLE_IDENTIFIER = "com.1519-.--GDC";
				PRODUCT_NAME = "$(TARGET_NAME)";
			};
			name = Debug;
		};
		A76B4C1F1C5621930039741A /* Release */ = {
			isa = XCBuildConfiguration;
			buildSettings = {
				ASSETCATALOG_COMPILER_APPICON_NAME = AppIcon;
				INFOPLIST_FILE = "5-GDC/Info.plist";
				LD_RUNPATH_SEARCH_PATHS = "$(inherited) @executable_path/Frameworks";
				PRODUCT_BUNDLE_IDENTIFIER = "com.1519-.--GDC";
				PRODUCT_NAME = "$(TARGET_NAME)";
			};
			name = Release;
		};
		A76B4C211C5621930039741A /* Debug */ = {
			isa = XCBuildConfiguration;
			buildSettings = {
				BUNDLE_LOADER = "$(TEST_HOST)";
				INFOPLIST_FILE = "5-GDCTests/Info.plist";
				LD_RUNPATH_SEARCH_PATHS = "$(inherited) @executable_path/Frameworks @loader_path/Frameworks";
				PRODUCT_BUNDLE_IDENTIFIER = "com.1519-.--GDCTests";
				PRODUCT_NAME = "$(TARGET_NAME)";
				TEST_HOST = "$(BUILT_PRODUCTS_DIR)/5-GDC.app/5-GDC";
			};
			name = Debug;
		};
		A76B4C221C5621930039741A /* Release */ = {
			isa = XCBuildConfiguration;
			buildSettings = {
				BUNDLE_LOADER = "$(TEST_HOST)";
				INFOPLIST_FILE = "5-GDCTests/Info.plist";
				LD_RUNPATH_SEARCH_PATHS = "$(inherited) @executable_path/Frameworks @loader_path/Frameworks";
				PRODUCT_BUNDLE_IDENTIFIER = "com.1519-.--GDCTests";
				PRODUCT_NAME = "$(TARGET_NAME)";
				TEST_HOST = "$(BUILT_PRODUCTS_DIR)/5-GDC.app/5-GDC";
			};
			name = Release;
		};
		A76B4C241C5621930039741A /* Debug */ = {
			isa = XCBuildConfiguration;
			buildSettings = {
				INFOPLIST_FILE = "5-GDCUITests/Info.plist";
				LD_RUNPATH_SEARCH_PATHS = "$(inherited) @executable_path/Frameworks @loader_path/Frameworks";
				PRODUCT_BUNDLE_IDENTIFIER = "com.1519-.--GDCUITests";
				PRODUCT_NAME = "$(TARGET_NAME)";
				TEST_TARGET_NAME = "5-GDC";
				USES_XCTRUNNER = YES;
			};
			name = Debug;
		};
		A76B4C251C5621930039741A /* Release */ = {
			isa = XCBuildConfiguration;
			buildSettings = {
				INFOPLIST_FILE = "5-GDCUITests/Info.plist";
				LD_RUNPATH_SEARCH_PATHS = "$(inherited) @executable_path/Frameworks @loader_path/Frameworks";
				PRODUCT_BUNDLE_IDENTIFIER = "com.1519-.--GDCUITests";
				PRODUCT_NAME = "$(TARGET_NAME)";
				TEST_TARGET_NAME = "5-GDC";
				USES_XCTRUNNER = YES;
			};
			name = Release;
		};
/* End XCBuildConfiguration section */

/* Begin XCConfigurationList section */
		A76B4BEB1C5621920039741A /* Build configuration list for PBXProject "5-GDC" */ = {
			isa = XCConfigurationList;
			buildConfigurations = (
				A76B4C1B1C5621930039741A /* Debug */,
				A76B4C1C1C5621930039741A /* Release */,
			);
			defaultConfigurationIsVisible = 0;
			defaultConfigurationName = Release;
		};
		A76B4C1D1C5621930039741A /* Build configuration list for PBXNativeTarget "5-GDC" */ = {
			isa = XCConfigurationList;
			buildConfigurations = (
				A76B4C1E1C5621930039741A /* Debug */,
				A76B4C1F1C5621930039741A /* Release */,
			);
			defaultConfigurationIsVisible = 0;
		};
		A76B4C201C5621930039741A /* Build configuration list for PBXNativeTarget "5-GDCTests" */ = {
			isa = XCConfigurationList;
			buildConfigurations = (
				A76B4C211C5621930039741A /* Debug */,
				A76B4C221C5621930039741A /* Release */,
			);
			defaultConfigurationIsVisible = 0;
		};
		A76B4C231C5621930039741A /* Build configuration list for PBXNativeTarget "5-GDCUITests" */ = {
			isa = XCConfigurationList;
			buildConfigurations = (
				A76B4C241C5621930039741A /* Debug */,
				A76B4C251C5621930039741A /* Release */,
			);
			defaultConfigurationIsVisible = 0;
		};
/* End XCConfigurationList section */
	};
	rootObject = A76B4BE81C5621920039741A /* Project object */;
}
